// !$*UTF8*$!
{
	archiveVersion = 1;
	classes = {
	};
	objectVersion = 77;
	objects = {

/* Begin PBXBuildFile section */
		821C628EF5D4BF7E5E0CEE59 /* AppDelegate.swift in Sources */ = {isa = PBXBuildFile; fileRef = 22BBC0AA920F984147A2F783 /* AppDelegate.swift */; };
		E681E80D20B613490EEC9212 /* PersistentKeyboardExtAXTests.swift in Sources */ = {isa = PBXBuildFile; fileRef = 2DE295D994C5443694C314F3 /* PersistentKeyboardExtAXTests.swift */; };
/* End PBXBuildFile section */

/* Begin PBXContainerItemProxy section */
		8FC3442766FB8E7B7F585B1C /* PBXContainerItemProxy */ = {
			isa = PBXContainerItemProxy;
			containerPortal = B16E5D89145705B7663DB59C /* Project object */;
			proxyType = 1;
			remoteGlobalIDString = E02C6286D22BDFCB2A93CC10;
			remoteInfo = KeyboardExtAXHost;
		};
/* End PBXContainerItemProxy section */

/* Begin PBXFileReference section */
		0E1B2FBB7B9143A0B2144F1F /* KeyboardExtAXUITests.xctest */ = {isa = PBXFileReference; includeInIndex = 0; lastKnownFileType = wrapper.cfbundle; path = KeyboardExtAXUITests.xctest; sourceTree = BUILT_PRODUCTS_DIR; };
		22BBC0AA920F984147A2F783 /* AppDelegate.swift */ = {isa = PBXFileReference; lastKnownFileType = sourcecode.swift; path = AppDelegate.swift; sourceTree = "<group>"; };
		2DE295D994C5443694C314F3 /* PersistentKeyboardExtAXTests.swift */ = {isa = PBXFileReference; lastKnownFileType = sourcecode.swift; path = PersistentKeyboardExtAXTests.swift; sourceTree = "<group>"; };
		F5D3152568659FC93558EC29 /* KeyboardExtAXHost.app */ = {isa = PBXFileReference; includeInIndex = 0; lastKnownFileType = wrapper.application; path = KeyboardExtAXHost.app; sourceTree = BUILT_PRODUCTS_DIR; };
/* End PBXFileReference section */

/* Begin PBXGroup section */
		31042319F6692A6F6C555EA0 = {
			isa = PBXGroup;
			children = (
				85B2570C211278C9C0998F7D /* Host */,
				3ABF1F2A08E3EDBF3F8589C1 /* UITests */,
				4E48E5E34120D0660B204DFE /* Products */,
			);
			sourceTree = "<group>";
		};
		3ABF1F2A08E3EDBF3F8589C1 /* UITests */ = {
			isa = PBXGroup;
			children = (
				2DE295D994C5443694C314F3 /* PersistentKeyboardExtAXTests.swift */,
			);
			path = UITests;
			sourceTree = "<group>";
		};
		4E48E5E34120D0660B204DFE /* Products */ = {
			isa = PBXGroup;
			children = (
				F5D3152568659FC93558EC29 /* KeyboardExtAXHost.app */,
				0E1B2FBB7B9143A0B2144F1F /* KeyboardExtAXUITests.xctest */,
			);
			name = Products;
			sourceTree = "<group>";
		};
		85B2570C211278C9C0998F7D /* Host */ = {
			isa = PBXGroup;
			children = (
				22BBC0AA920F984147A2F783 /* AppDelegate.swift */,
			);
			path = Host;
			sourceTree = "<group>";
		};
/* End PBXGroup section */

/* Begin PBXNativeTarget section */
		92D941BF9ABC74E1BF4C6E1C /* KeyboardExtAXUITests */ = {
			isa = PBXNativeTarget;
			buildConfigurationList = E47E38C558A90D031E381B13 /* Build configuration list for PBXNativeTarget "KeyboardExtAXUITests" */;
			buildPhases = (
				274810091F4D5CA606FB3D31 /* Sources */,
			);
			buildRules = (
			);
			dependencies = (
				2D0800F3AC36AAE14AD08ED2 /* PBXTargetDependency */,
			);
			name = KeyboardExtAXUITests;
			packageProductDependencies = (
			);
			productName = KeyboardExtAXUITests;
			productReference = 0E1B2FBB7B9143A0B2144F1F /* KeyboardExtAXUITests.xctest */;
			productType = "com.apple.product-type.bundle.ui-testing";
		};
		E02C6286D22BDFCB2A93CC10 /* KeyboardExtAXHost */ = {
			isa = PBXNativeTarget;
			buildConfigurationList = 4B85DF3075A6D54F48DA95EF /* Build configuration list for PBXNativeTarget "KeyboardExtAXHost" */;
			buildPhases = (
				2D64DCBF869686E4BDA34C7F /* Sources */,
			);
			buildRules = (
			);
			dependencies = (
			);
			name = KeyboardExtAXHost;
			packageProductDependencies = (
			);
			productName = KeyboardExtAXHost;
			productReference = F5D3152568659FC93558EC29 /* KeyboardExtAXHost.app */;
			productType = "com.apple.product-type.application";
		};
/* End PBXNativeTarget section */

/* Begin PBXProject section */
		B16E5D89145705B7663DB59C /* Project object */ = {
			isa = PBXProject;
			attributes = {
				BuildIndependentTargetsInParallel = YES;
				LastUpgradeCheck = 1430;
				TargetAttributes = {
					92D941BF9ABC74E1BF4C6E1C = {
						DevelopmentTeam = "";
						TestTargetID = E02C6286D22BDFCB2A93CC10;
					};
					E02C6286D22BDFCB2A93CC10 = {
						DevelopmentTeam = "";
					};
				};
			};
			buildConfigurationList = F8373D1E027980B0160023A7 /* Build configuration list for PBXProject "KeyboardExtAX" */;
			developmentRegion = en;
			hasScannedForEncodings = 0;
			knownRegions = (
				Base,
				en,
			);
			mainGroup = 31042319F6692A6F6C555EA0;
			minimizedProjectReferenceProxies = 1;
			preferredProjectObjectVersion = 77;
			productRefGroup = 4E48E5E34120D0660B204DFE /* Products */;
			projectDirPath = "";
			projectRoot = "";
			targets = (
				E02C6286D22BDFCB2A93CC10 /* KeyboardExtAXHost */,
				92D941BF9ABC74E1BF4C6E1C /* KeyboardExtAXUITests */,
			);
		};
/* End PBXProject section */

/* Begin PBXSourcesBuildPhase section */
		274810091F4D5CA606FB3D31 /* Sources */ = {
			isa = PBXSourcesBuildPhase;
			buildActionMask = 2147483647;
			files = (
				E681E80D20B613490EEC9212 /* PersistentKeyboardExtAXTests.swift in Sources */,
			);
			runOnlyForDeploymentPostprocessing = 0;
		};
		2D64DCBF869686E4BDA34C7F /* Sources */ = {
			isa = PBXSourcesBuildPhase;
			buildActionMask = 2147483647;
			files = (
				821C628EF5D4BF7E5E0CEE59 /* AppDelegate.swift in Sources */,
			);
			runOnlyForDeploymentPostprocessing = 0;
		};
/* End PBXSourcesBuildPhase section */

/* Begin PBXTargetDependency section */
		2D0800F3AC36AAE14AD08ED2 /* PBXTargetDependency */ = {
			isa = PBXTargetDependency;
			target = E02C6286D22BDFCB2A93CC10 /* KeyboardExtAXHost */;
			targetProxy = 8FC3442766FB8E7B7F585B1C /* PBXContainerItemProxy */;
		};
/* End PBXTargetDependency section */

/* Begin XCBuildConfiguration section */
		02B0BBD50832B9DCD0CCAB9D /* Debug */ = {
			isa = XCBuildConfiguration;
			buildSettings = {
				ASSETCATALOG_COMPILER_APPICON_NAME = AppIcon;
				CODE_SIGNING_ALLOWED = NO;
				CODE_SIGN_IDENTITY = "iPhone Developer";
				GENERATE_INFOPLIST_FILE = YES;
				INFOPLIST_KEY_UILaunchScreen_Generation = YES;
				LD_RUNPATH_SEARCH_PATHS = (
					"$(inherited)",
					"@executable_path/Frameworks",
				);
				PRODUCT_BUNDLE_IDENTIFIER = dev.keyboardextax.host;
				SDKROOT = iphoneos;
				TARGETED_DEVICE_FAMILY = "1,2";
			};
			name = Debug;
		};
		1988E4489064971D6E9A36DF /* Debug */ = {
			isa = XCBuildConfiguration;
			buildSettings = {
				ALWAYS_SEARCH_USER_PATHS = NO;
				CLANG_ANALYZER_NONNULL = YES;
				CLANG_ANALYZER_NUMBER_OBJECT_CONVERSION = YES_AGGRESSIVE;
				CLANG_CXX_LANGUAGE_STANDARD = "gnu++14";
				CLANG_CXX_LIBRARY = "libc++";
				CLANG_ENABLE_MODULES = YES;
				CLANG_ENABLE_OBJC_ARC = YES;
				CLANG_ENABLE_OBJC_WEAK = YES;
				CLANG_WARN_BLOCK_CAPTURE_AUTORELEASING = YES;
				CLANG_WARN_BOOL_CONVERSION = YES;
				CLANG_WARN_COMMA = YES;
				CLANG_WARN_CONSTANT_CONVERSION = YES;
				CLANG_WARN_DEPRECATED_OBJC_IMPLEMENTATIONS = YES;
				CLANG_WARN_DIRECT_OBJC_ISA_USAGE = YES_ERROR;
				CLANG_WARN_DOCUMENTATION_COMMENTS = YES;
				CLANG_WARN_EMPTY_BODY = YES;
				CLANG_WARN_ENUM_CONVERSION = YES;
				CLANG_WARN_INFINITE_RECURSION = YES;
				CLANG_WARN_INT_CONVERSION = YES;
				CLANG_WARN_NON_LITERAL_NULL_CONVERSION = YES;
				CLANG_WARN_OBJC_IMPLICIT_RETAIN_SELF = YES;
				CLANG_WARN_OBJC_LITERAL_CONVERSION = YES;
				CLANG_WARN_OBJC_ROOT_CLASS = YES_ERROR;
				CLANG_WARN_QUOTED_INCLUDE_IN_FRAMEWORK_HEADER = YES;
				CLANG_WARN_RANGE_LOOP_ANALYSIS = YES;
				CLANG_WARN_STRICT_PROTOTYPES = YES;
				CLANG_WARN_SUSPICIOUS_MOVE = YES;
				CLANG_WARN_UNGUARDED_AVAILABILITY = YES_AGGRESSIVE;
				CLANG_WARN_UNREACHABLE_CODE = YES;
				CLANG_WARN__DUPLICATE_METHOD_MATCH = YES;
				COPY_PHASE_STRIP = NO;
				DEBUG_INFORMATION_FORMAT = dwarf;
				DEVELOPMENT_TEAM = "";
				ENABLE_STRICT_OBJC_MSGSEND = YES;
				ENABLE_TESTABILITY = YES;
				GCC_C_LANGUAGE_STANDARD = gnu11;
				GCC_DYNAMIC_NO_PIC = NO;
				GCC_NO_COMMON_BLOCKS = YES;
				GCC_OPTIMIZATION_LEVEL = 0;
				GCC_PREPROCESSOR_DEFINITIONS = (
					"$(inherited)",
					"DEBUG=1",
				);
				GCC_WARN_64_TO_32_BIT_CONVERSION = YES;
				GCC_WARN_ABOUT_RETURN_TYPE = YES_ERROR;
				GCC_WARN_UNDECLARED_SELECTOR = YES;
				GCC_WARN_UNINITIALIZED_AUTOS = YES_AGGRESSIVE;
				GCC_WARN_UNUSED_FUNCTION = YES;
				GCC_WARN_UNUSED_VARIABLE = YES;
				IPHONEOS_DEPLOYMENT_TARGET = 17.0;
				MTL_ENABLE_DEBUG_INFO = INCLUDE_SOURCE;
				MTL_FAST_MATH = YES;
				ONLY_ACTIVE_ARCH = YES;
				PRODUCT_NAME = "$(TARGET_NAME)";
				SDKROOT = iphoneos;
				SWIFT_ACTIVE_COMPILATION_CONDITIONS = DEBUG;
				SWIFT_OPTIMIZATION_LEVEL = "-Onone";
				SWIFT_VERSION = 6.0;
			};
			name = Debug;
		};
		2628500B73BE73A64B20BF25 /* Release */ = {
			isa = XCBuildConfiguration;
			buildSettings = {
				ASSETCATALOG_COMPILER_APPICON_NAME = AppIcon;
				CODE_SIGNING_ALLOWED = NO;
				CODE_SIGN_IDENTITY = "iPhone Developer";
				GENERATE_INFOPLIST_FILE = YES;
				INFOPLIST_KEY_UILaunchScreen_Generation = YES;
				LD_RUNPATH_SEARCH_PATHS = (
					"$(inherited)",
					"@executable_path/Frameworks",
				);
				PRODUCT_BUNDLE_IDENTIFIER = dev.keyboardextax.host;
				SDKROOT = iphoneos;
				TARGETED_DEVICE_FAMILY = "1,2";
			};
			name = Release;
		};
		41E93C146D346FAC0ADE548D /* Release */ = {
			isa = XCBuildConfiguration;
			buildSettings = {
				BUNDLE_LOADER = "$(TEST_HOST)";
				CODE_SIGNING_ALLOWED = NO;
				GENERATE_INFOPLIST_FILE = YES;
				LD_RUNPATH_SEARCH_PATHS = (
					"$(inherited)",
					"@executable_path/Frameworks",
					"@loader_path/Frameworks",
				);
				PRODUCT_BUNDLE_IDENTIFIER = dev.keyboardextax.uitests;
				SDKROOT = iphoneos;
				TARGETED_DEVICE_FAMILY = "1,2";
				TEST_TARGET_NAME = KeyboardExtAXHost;
			};
			name = Release;
		};
		518F39B37941B86367BA8E41 /* Release */ = {
			isa = XCBuildConfiguration;
			buildSettings = {
				ALWAYS_SEARCH_USER_PATHS = NO;
				CLANG_ANALYZER_NONNULL = YES;
				CLANG_ANALYZER_NUMBER_OBJECT_CONVERSION = YES_AGGRESSIVE;
				CLANG_CXX_LANGUAGE_STANDARD = "gnu++14";
				CLANG_CXX_LIBRARY = "libc++";
				CLANG_ENABLE_MODULES = YES;
				CLANG_ENABLE_OBJC_ARC = YES;
				CLANG_ENABLE_OBJC_WEAK = YES;
				CLANG_WARN_BLOCK_CAPTURE_AUTORELEASING = YES;
				CLANG_WARN_BOOL_CONVERSION = YES;
				CLANG_WARN_COMMA = YES;
				CLANG_WARN_CONSTANT_CONVERSION = YES;
				CLANG_WARN_DEPRECATED_OBJC_IMPLEMENTATIONS = YES;
				CLANG_WARN_DIRECT_OBJC_ISA_USAGE = YES_ERROR;
				CLANG_WARN_DOCUMENTATION_COMMENTS = YES;
				CLANG_WARN_EMPTY_BODY = YES;
				CLANG_WARN_ENUM_CONVERSION = YES;
				CLANG_WARN_INFINITE_RECURSION = YES;
				CLANG_WARN_INT_CONVERSION = YES;
				CLANG_WARN_NON_LITERAL_NULL_CONVERSION = YES;
				CLANG_WARN_OBJC_IMPLICIT_RETAIN_SELF = YES;
				CLANG_WARN_OBJC_LITERAL_CONVERSION = YES;
				CLANG_WARN_OBJC_ROOT_CLASS = YES_ERROR;
				CLANG_WARN_QUOTED_INCLUDE_IN_FRAMEWORK_HEADER = YES;
				CLANG_WARN_RANGE_LOOP_ANALYSIS = YES;
				CLANG_WARN_STRICT_PROTOTYPES = YES;
				CLANG_WARN_SUSPICIOUS_MOVE = YES;
				CLANG_WARN_UNGUARDED_AVAILABILITY = YES_AGGRESSIVE;
				CLANG_WARN_UNREACHABLE_CODE = YES;
				CLANG_WARN__DUPLICATE_METHOD_MATCH = YES;
				COPY_PHASE_STRIP = NO;
				DEBUG_INFORMATION_FORMAT = "dwarf-with-dsym";
				DEVELOPMENT_TEAM = "";
				ENABLE_NS_ASSERTIONS = NO;
				ENABLE_STRICT_OBJC_MSGSEND = YES;
				GCC_C_LANGUAGE_STANDARD = gnu11;
				GCC_NO_COMMON_BLOCKS = YES;
				GCC_WARN_64_TO_32_BIT_CONVERSION = YES;
				GCC_WARN_ABOUT_RETURN_TYPE = YES_ERROR;
				GCC_WARN_UNDECLARED_SELECTOR = YES;
				GCC_WARN_UNINITIALIZED_AUTOS = YES_AGGRESSIVE;
				GCC_WARN_UNUSED_FUNCTION = YES;
				GCC_WARN_UNUSED_VARIABLE = YES;
				IPHONEOS_DEPLOYMENT_TARGET = 17.0;
				MTL_ENABLE_DEBUG_INFO = NO;
				MTL_FAST_MATH = YES;
				PRODUCT_NAME = "$(TARGET_NAME)";
				SDKROOT = iphoneos;
				SWIFT_COMPILATION_MODE = wholemodule;
				SWIFT_OPTIMIZATION_LEVEL = "-O";
				SWIFT_VERSION = 6.0;
			};
			name = Release;
		};
		FE08D17C627BA55C3DD41469 /* Debug */ = {
			isa = XCBuildConfiguration;
			buildSettings = {
				BUNDLE_LOADER = "$(TEST_HOST)";
				CODE_SIGNING_ALLOWED = NO;
				GENERATE_INFOPLIST_FILE = YES;
				LD_RUNPATH_SEARCH_PATHS = (
					"$(inherited)",
					"@executable_path/Frameworks",
					"@loader_path/Frameworks",
				);
				PRODUCT_BUNDLE_IDENTIFIER = dev.keyboardextax.uitests;
				SDKROOT = iphoneos;
				TARGETED_DEVICE_FAMILY = "1,2";
				TEST_TARGET_NAME = KeyboardExtAXHost;
			};
			name = Debug;
		};
/* End XCBuildConfiguration section */

/* Begin XCConfigurationList section */
		4B85DF3075A6D54F48DA95EF /* Build configuration list for PBXNativeTarget "KeyboardExtAXHost" */ = {
			isa = XCConfigurationList;
			buildConfigurations = (
				02B0BBD50832B9DCD0CCAB9D /* Debug */,
				2628500B73BE73A64B20BF25 /* Release */,
			);
			defaultConfigurationIsVisible = 0;
			defaultConfigurationName = Debug;
		};
		E47E38C558A90D031E381B13 /* Build configuration list for PBXNativeTarget "KeyboardExtAXUITests" */ = {
			isa = XCConfigurationList;
			buildConfigurations = (
				FE08D17C627BA55C3DD41469 /* Debug */,
				41E93C146D346FAC0ADE548D /* Release */,
			);
			defaultConfigurationIsVisible = 0;
			defaultConfigurationName = Debug;
		};
		F8373D1E027980B0160023A7 /* Build configuration list for PBXProject "KeyboardExtAX" */ = {
			isa = XCConfigurationList;
			buildConfigurations = (
				1988E4489064971D6E9A36DF /* Debug */,
				518F39B37941B86367BA8E41 /* Release */,
			);
			defaultConfigurationIsVisible = 0;
			defaultConfigurationName = Debug;
		};
/* End XCConfigurationList section */
	};
	rootObject = B16E5D89145705B7663DB59C /* Project object */;
}
